
Microsoft Visual Studio Solution File, Format Version 12.00
# Visual Studio Version 17
VisualStudioVersion = 17.10.34707.107
MinimumVisualStudioVersion = 10.0.40219.1
Project("{FAE04EC0-301F-11D3-BF4B-00C04F79EFBC}") = "ejercicio 3", "ejercicio 3\ejercicio 3.csproj", "{34E3FCA7-6A59-4378-9254-CE6E77870679}"
EndProject
Global
	GlobalSection(SolutionConfigurationPlatforms) = preSolution
		Debug|Any CPU = Debug|Any CPU
		Release|Any CPU = Release|Any CPU
	EndGlobalSection
	GlobalSection(ProjectConfigurationPlatforms) = postSolution
		{34E3FCA7-6A59-4378-9254-CE6E77870679}.Debug|Any CPU.ActiveCfg = Debug|Any CPU
		{34E3FCA7-6A59-4378-9254-CE6E77870679}.Debug|Any CPU.Build.0 = Debug|Any CPU
		{34E3FCA7-6A59-4378-9254-CE6E77870679}.Release|Any CPU.ActiveCfg = Release|Any CPU
		{34E3FCA7-6A59-4378-9254-CE6E77870679}.Release|Any CPU.Build.0 = Release|Any CPU
	EndGlobalSection
	GlobalSection(SolutionProperties) = preSolution
		HideSolutionNode = FALSE
	EndGlobalSection
	GlobalSection(ExtensibilityGlobals) = postSolution
		SolutionGuid = {4AAB4613-CF5F-4319-BD4C-78F8FF4E02A0}
	EndGlobalSection
EndGlobal
