
Microsoft Visual Studio Solution File, Format Version 12.00
# Visual Studio Version 17
VisualStudioVersion = 17.10.34707.107
MinimumVisualStudioVersion = 10.0.40219.1
Project("{FAE04EC0-301F-11D3-BF4B-00C04F79EFBC}") = "ejercicio 4", "ejercicio 4\ejercicio 4.csproj", "{C87E81F2-B38F-4D54-B038-42BFC0DBFB4A}"
EndProject
Global
	GlobalSection(SolutionConfigurationPlatforms) = preSolution
		Debug|Any CPU = Debug|Any CPU
		Release|Any CPU = Release|Any CPU
	EndGlobalSection
	GlobalSection(ProjectConfigurationPlatforms) = postSolution
		{C87E81F2-B38F-4D54-B038-42BFC0DBFB4A}.Debug|Any CPU.ActiveCfg = Debug|Any CPU
		{C87E81F2-B38F-4D54-B038-42BFC0DBFB4A}.Debug|Any CPU.Build.0 = Debug|Any CPU
		{C87E81F2-B38F-4D54-B038-42BFC0DBFB4A}.Release|Any CPU.ActiveCfg = Release|Any CPU
		{C87E81F2-B38F-4D54-B038-42BFC0DBFB4A}.Release|Any CPU.Build.0 = Release|Any CPU
	EndGlobalSection
	GlobalSection(SolutionProperties) = preSolution
		HideSolutionNode = FALSE
	EndGlobalSection
	GlobalSection(ExtensibilityGlobals) = postSolution
		SolutionGuid = {EFB3017B-8094-449A-AFF5-605AB5D3DE0F}
	EndGlobalSection
EndGlobal
