
Microsoft Visual Studio Solution File, Format Version 12.00
# Visual Studio Version 17
VisualStudioVersion = 17.10.34707.107
MinimumVisualStudioVersion = 10.0.40219.1
Project("{FAE04EC0-301F-11D3-BF4B-00C04F79EFBC}") = "ejercicio 8", "ejercicio 8\ejercicio 8.csproj", "{0E41BA18-319D-41E3-971F-6CFC62E70C66}"
EndProject
Global
	GlobalSection(SolutionConfigurationPlatforms) = preSolution
		Debug|Any CPU = Debug|Any CPU
		Release|Any CPU = Release|Any CPU
	EndGlobalSection
	GlobalSection(ProjectConfigurationPlatforms) = postSolution
		{0E41BA18-319D-41E3-971F-6CFC62E70C66}.Debug|Any CPU.ActiveCfg = Debug|Any CPU
		{0E41BA18-319D-41E3-971F-6CFC62E70C66}.Debug|Any CPU.Build.0 = Debug|Any CPU
		{0E41BA18-319D-41E3-971F-6CFC62E70C66}.Release|Any CPU.ActiveCfg = Release|Any CPU
		{0E41BA18-319D-41E3-971F-6CFC62E70C66}.Release|Any CPU.Build.0 = Release|Any CPU
	EndGlobalSection
	GlobalSection(SolutionProperties) = preSolution
		HideSolutionNode = FALSE
	EndGlobalSection
	GlobalSection(ExtensibilityGlobals) = postSolution
		SolutionGuid = {FCCFB1B5-4B41-4417-9351-9E98290C9B35}
	EndGlobalSection
EndGlobal
